// !$*UTF8*$!
{
	archiveVersion = 1;
	classes = {
	};
	objectVersion = 50;
	objects = {

/* Begin PBXBuildFile section */
		9A18CC0C20776091009B0D4E /* AppDelegate.swift in Sources */ = {isa = PBXBuildFile; fileRef = 9A18CC0B20776091009B0D4E /* AppDelegate.swift */; };
		9A18CC1120776091009B0D4E /* Main.storyboard in Resources */ = {isa = PBXBuildFile; fileRef = 9A18CC0F20776091009B0D4E /* Main.storyboard */; };
		9A18CC1320776093009B0D4E /* Assets.xcassets in Resources */ = {isa = PBXBuildFile; fileRef = 9A18CC1220776093009B0D4E /* Assets.xcassets */; };
		9A18CC1620776093009B0D4E /* LaunchScreen.storyboard in Resources */ = {isa = PBXBuildFile; fileRef = 9A18CC1420776093009B0D4E /* LaunchScreen.storyboard */; };
		9A18CC1E20790297009B0D4E /* ContainerViewController.swift in Sources */ = {isa = PBXBuildFile; fileRef = 9A18CC1D20790297009B0D4E /* ContainerViewController.swift */; };
		9A18CC202079034B009B0D4E /* ChildViewController1.swift in Sources */ = {isa = PBXBuildFile; fileRef = 9A18CC1F2079034B009B0D4E /* ChildViewController1.swift */; };
		9A18CC2220790353009B0D4E /* ChildViewController2.swift in Sources */ = {isa = PBXBuildFile; fileRef = 9A18CC2120790353009B0D4E /* ChildViewController2.swift */; };
		9A18CC24207903A5009B0D4E /* TableViewController.swift in Sources */ = {isa = PBXBuildFile; fileRef = 9A18CC23207903A5009B0D4E /* TableViewController.swift */; };
		9A18CC2620792975009B0D4E /* TransitionChildsViewController.swift in Sources */ = {isa = PBXBuildFile; fileRef = 9A18CC2520792975009B0D4E /* TransitionChildsViewController.swift */; };
		9A18CC2A207A4806009B0D4E /* PresentingViewController.swift in Sources */ = {isa = PBXBuildFile; fileRef = 9A18CC29207A4806009B0D4E /* PresentingViewController.swift */; };
		9A18CC2C207A483D009B0D4E /* PresentedViewController.swift in Sources */ = {isa = PBXBuildFile; fileRef = 9A18CC2B207A483D009B0D4E /* PresentedViewController.swift */; };
		9A18CC2E207A6BEB009B0D4E /* SeguesViewController.swift in Sources */ = {isa = PBXBuildFile; fileRef = 9A18CC2D207A6BEB009B0D4E /* SeguesViewController.swift */; };
/* End PBXBuildFile section */

/* Begin PBXFileReference section */
		9A18CC0820776091009B0D4E /* ViewController.app */ = {isa = PBXFileReference; explicitFileType = wrapper.application; includeInIndex = 0; path = ViewController.app; sourceTree = BUILT_PRODUCTS_DIR; };
		9A18CC0B20776091009B0D4E /* AppDelegate.swift */ = {isa = PBXFileReference; lastKnownFileType = sourcecode.swift; path = AppDelegate.swift; sourceTree = "<group>"; };
		9A18CC1020776091009B0D4E /* Base */ = {isa = PBXFileReference; lastKnownFileType = file.storyboard; name = Base; path = Base.lproj/Main.storyboard; sourceTree = "<group>"; };
		9A18CC1220776093009B0D4E /* Assets.xcassets */ = {isa = PBXFileReference; lastKnownFileType = folder.assetcatalog; path = Assets.xcassets; sourceTree = "<group>"; };
		9A18CC1520776093009B0D4E /* Base */ = {isa = PBXFileReference; lastKnownFileType = file.storyboard; name = Base; path = Base.lproj/LaunchScreen.storyboard; sourceTree = "<group>"; };
		9A18CC1720776093009B0D4E /* Info.plist */ = {isa = PBXFileReference; lastKnownFileType = text.plist.xml; path = Info.plist; sourceTree = "<group>"; };
		9A18CC1D20790297009B0D4E /* ContainerViewController.swift */ = {isa = PBXFileReference; lastKnownFileType = sourcecode.swift; path = ContainerViewController.swift; sourceTree = "<group>"; };
		9A18CC1F2079034B009B0D4E /* ChildViewController1.swift */ = {isa = PBXFileReference; lastKnownFileType = sourcecode.swift; path = ChildViewController1.swift; sourceTree = "<group>"; };
		9A18CC2120790353009B0D4E /* ChildViewController2.swift */ = {isa = PBXFileReference; lastKnownFileType = sourcecode.swift; path = ChildViewController2.swift; sourceTree = "<group>"; };
		9A18CC23207903A5009B0D4E /* TableViewController.swift */ = {isa = PBXFileReference; lastKnownFileType = sourcecode.swift; path = TableViewController.swift; sourceTree = "<group>"; };
		9A18CC2520792975009B0D4E /* TransitionChildsViewController.swift */ = {isa = PBXFileReference; lastKnownFileType = sourcecode.swift; path = TransitionChildsViewController.swift; sourceTree = "<group>"; };
		9A18CC29207A4806009B0D4E /* PresentingViewController.swift */ = {isa = PBXFileReference; lastKnownFileType = sourcecode.swift; path = PresentingViewController.swift; sourceTree = "<group>"; };
		9A18CC2B207A483D009B0D4E /* PresentedViewController.swift */ = {isa = PBXFileReference; lastKnownFileType = sourcecode.swift; path = PresentedViewController.swift; sourceTree = "<group>"; };
		9A18CC2D207A6BEB009B0D4E /* SeguesViewController.swift */ = {isa = PBXFileReference; lastKnownFileType = sourcecode.swift; path = SeguesViewController.swift; sourceTree = "<group>"; };
/* End PBXFileReference section */

/* Begin PBXFrameworksBuildPhase section */
		9A18CC0520776091009B0D4E /* Frameworks */ = {
			isa = PBXFrameworksBuildPhase;
			buildActionMask = 2147483647;
			files = (
			);
			runOnlyForDeploymentPostprocessing = 0;
		};
/* End PBXFrameworksBuildPhase section */

/* Begin PBXGroup section */
		9A18CBFF20776091009B0D4E = {
			isa = PBXGroup;
			children = (
				9A18CC0A20776091009B0D4E /* ViewController */,
				9A18CC0920776091009B0D4E /* Products */,
			);
			sourceTree = "<group>";
		};
		9A18CC0920776091009B0D4E /* Products */ = {
			isa = PBXGroup;
			children = (
				9A18CC0820776091009B0D4E /* ViewController.app */,
			);
			name = Products;
			sourceTree = "<group>";
		};
		9A18CC0A20776091009B0D4E /* ViewController */ = {
			isa = PBXGroup;
			children = (
				9A18CC0B20776091009B0D4E /* AppDelegate.swift */,
				9A18CC23207903A5009B0D4E /* TableViewController.swift */,
				9A18CC27207A46E1009B0D4E /* ImplementingAContainerViewController */,
				9A18CC2520792975009B0D4E /* TransitionChildsViewController.swift */,
				9A18CC28207A46FD009B0D4E /* PresentingAViewController */,
				9A18CC2D207A6BEB009B0D4E /* SeguesViewController.swift */,
				9A18CC0F20776091009B0D4E /* Main.storyboard */,
				9A18CC1220776093009B0D4E /* Assets.xcassets */,
				9A18CC1420776093009B0D4E /* LaunchScreen.storyboard */,
				9A18CC1720776093009B0D4E /* Info.plist */,
			);
			path = ViewController;
			sourceTree = "<group>";
		};
		9A18CC27207A46E1009B0D4E /* ImplementingAContainerViewController */ = {
			isa = PBXGroup;
			children = (
				9A18CC1D20790297009B0D4E /* ContainerViewController.swift */,
				9A18CC1F2079034B009B0D4E /* ChildViewController1.swift */,
				9A18CC2120790353009B0D4E /* ChildViewController2.swift */,
			);
			path = ImplementingAContainerViewController;
			sourceTree = "<group>";
		};
		9A18CC28207A46FD009B0D4E /* PresentingAViewController */ = {
			isa = PBXGroup;
			children = (
				9A18CC29207A4806009B0D4E /* PresentingViewController.swift */,
				9A18CC2B207A483D009B0D4E /* PresentedViewController.swift */,
			);
			path = PresentingAViewController;
			sourceTree = "<group>";
		};
/* End PBXGroup section */

/* Begin PBXNativeTarget section */
		9A18CC0720776091009B0D4E /* ViewController */ = {
			isa = PBXNativeTarget;
			buildConfigurationList = 9A18CC1A20776093009B0D4E /* Build configuration list for PBXNativeTarget "ViewController" */;
			buildPhases = (
				9A18CC0420776091009B0D4E /* Sources */,
				9A18CC0520776091009B0D4E /* Frameworks */,
				9A18CC0620776091009B0D4E /* Resources */,
			);
			buildRules = (
			);
			dependencies = (
			);
			name = ViewController;
			productName = ViewController;
			productReference = 9A18CC0820776091009B0D4E /* ViewController.app */;
			productType = "com.apple.product-type.application";
		};
/* End PBXNativeTarget section */

/* Begin PBXProject section */
		9A18CC0020776091009B0D4E /* Project object */ = {
			isa = PBXProject;
			attributes = {
				LastSwiftUpdateCheck = 0930;
				LastUpgradeCheck = 0930;
				ORGANIZATIONNAME = leiguang;
				TargetAttributes = {
					9A18CC0720776091009B0D4E = {
						CreatedOnToolsVersion = 9.3;
					};
				};
			};
			buildConfigurationList = 9A18CC0320776091009B0D4E /* Build configuration list for PBXProject "ViewController" */;
			compatibilityVersion = "Xcode 9.3";
			developmentRegion = en;
			hasScannedForEncodings = 0;
			knownRegions = (
				en,
				Base,
			);
			mainGroup = 9A18CBFF20776091009B0D4E;
			productRefGroup = 9A18CC0920776091009B0D4E /* Products */;
			projectDirPath = "";
			projectRoot = "";
			targets = (
				9A18CC0720776091009B0D4E /* ViewController */,
			);
		};
/* End PBXProject section */

/* Begin PBXResourcesBuildPhase section */
		9A18CC0620776091009B0D4E /* Resources */ = {
			isa = PBXResourcesBuildPhase;
			buildActionMask = 2147483647;
			files = (
				9A18CC1620776093009B0D4E /* LaunchScreen.storyboard in Resources */,
				9A18CC1320776093009B0D4E /* Assets.xcassets in Resources */,
				9A18CC1120776091009B0D4E /* Main.storyboard in Resources */,
			);
			runOnlyForDeploymentPostprocessing = 0;
		};
/* End PBXResourcesBuildPhase section */

/* Begin PBXSourcesBuildPhase section */
		9A18CC0420776091009B0D4E /* Sources */ = {
			isa = PBXSourcesBuildPhase;
			buildActionMask = 2147483647;
			files = (
				9A18CC202079034B009B0D4E /* ChildViewController1.swift in Sources */,
				9A18CC2C207A483D009B0D4E /* PresentedViewController.swift in Sources */,
				9A18CC1E20790297009B0D4E /* ContainerViewController.swift in Sources */,
				9A18CC2220790353009B0D4E /* ChildViewController2.swift in Sources */,
				9A18CC24207903A5009B0D4E /* TableViewController.swift in Sources */,
				9A18CC2620792975009B0D4E /* TransitionChildsViewController.swift in Sources */,
				9A18CC0C20776091009B0D4E /* AppDelegate.swift in Sources */,
				9A18CC2E207A6BEB009B0D4E /* SeguesViewController.swift in Sources */,
				9A18CC2A207A4806009B0D4E /* PresentingViewController.swift in Sources */,
			);
			runOnlyForDeploymentPostprocessing = 0;
		};
/* End PBXSourcesBuildPhase section */

/* Begin PBXVariantGroup section */
		9A18CC0F20776091009B0D4E /* Main.storyboard */ = {
			isa = PBXVariantGroup;
			children = (
				9A18CC1020776091009B0D4E /* Base */,
			);
			name = Main.storyboard;
			sourceTree = "<group>";
		};
		9A18CC1420776093009B0D4E /* LaunchScreen.storyboard */ = {
			isa = PBXVariantGroup;
			children = (
				9A18CC1520776093009B0D4E /* Base */,
			);
			name = LaunchScreen.storyboard;
			sourceTree = "<group>";
		};
/* End PBXVariantGroup section */

/* Begin XCBuildConfiguration section */
		9A18CC1820776093009B0D4E /* Debug */ = {
			isa = XCBuildConfiguration;
			buildSettings = {
				ALWAYS_SEARCH_USER_PATHS = NO;
				CLANG_ANALYZER_NONNULL = YES;
				CLANG_ANALYZER_NUMBER_OBJECT_CONVERSION = YES_AGGRESSIVE;
				CLANG_CXX_LANGUAGE_STANDARD = "gnu++14";
				CLANG_CXX_LIBRARY = "libc++";
				CLANG_ENABLE_MODULES = YES;
				CLANG_ENABLE_OBJC_ARC = YES;
				CLANG_ENABLE_OBJC_WEAK = YES;
				CLANG_WARN_BLOCK_CAPTURE_AUTORELEASING = YES;
				CLANG_WARN_BOOL_CONVERSION = YES;
				CLANG_WARN_COMMA = YES;
				CLANG_WARN_CONSTANT_CONVERSION = YES;
				CLANG_WARN_DEPRECATED_OBJC_IMPLEMENTATIONS = YES;
				CLANG_WARN_DIRECT_OBJC_ISA_USAGE = YES_ERROR;
				CLANG_WARN_DOCUMENTATION_COMMENTS = YES;
				CLANG_WARN_EMPTY_BODY = YES;
				CLANG_WARN_ENUM_CONVERSION = YES;
				CLANG_WARN_INFINITE_RECURSION = YES;
				CLANG_WARN_INT_CONVERSION = YES;
				CLANG_WARN_NON_LITERAL_NULL_CONVERSION = YES;
				CLANG_WARN_OBJC_IMPLICIT_RETAIN_SELF = YES;
				CLANG_WARN_OBJC_LITERAL_CONVERSION = YES;
				CLANG_WARN_OBJC_ROOT_CLASS = YES_ERROR;
				CLANG_WARN_RANGE_LOOP_ANALYSIS = YES;
				CLANG_WARN_STRICT_PROTOTYPES = YES;
				CLANG_WARN_SUSPICIOUS_MOVE = YES;
				CLANG_WARN_UNGUARDED_AVAILABILITY = YES_AGGRESSIVE;
				CLANG_WARN_UNREACHABLE_CODE = YES;
				CLANG_WARN__DUPLICATE_METHOD_MATCH = YES;
				CODE_SIGN_IDENTITY = "iPhone Developer";
				COPY_PHASE_STRIP = NO;
				DEBUG_INFORMATION_FORMAT = dwarf;
				ENABLE_STRICT_OBJC_MSGSEND = YES;
				ENABLE_TESTABILITY = YES;
				GCC_C_LANGUAGE_STANDARD = gnu11;
				GCC_DYNAMIC_NO_PIC = NO;
				GCC_NO_COMMON_BLOCKS = YES;
				GCC_OPTIMIZATION_LEVEL = 0;
				GCC_PREPROCESSOR_DEFINITIONS = (
					"DEBUG=1",
					"$(inherited)",
				);
				GCC_WARN_64_TO_32_BIT_CONVERSION = YES;
				GCC_WARN_ABOUT_RETURN_TYPE = YES_ERROR;
				GCC_WARN_UNDECLARED_SELECTOR = YES;
				GCC_WARN_UNINITIALIZED_AUTOS = YES_AGGRESSIVE;
				GCC_WARN_UNUSED_FUNCTION = YES;
				GCC_WARN_UNUSED_VARIABLE = YES;
				IPHONEOS_DEPLOYMENT_TARGET = 11.3;
				MTL_ENABLE_DEBUG_INFO = YES;
				ONLY_ACTIVE_ARCH = YES;
				SDKROOT = iphoneos;
				SWIFT_ACTIVE_COMPILATION_CONDITIONS = DEBUG;
				SWIFT_OPTIMIZATION_LEVEL = "-Onone";
			};
			name = Debug;
		};
		9A18CC1920776093009B0D4E /* Release */ = {
			isa = XCBuildConfiguration;
			buildSettings = {
				ALWAYS_SEARCH_USER_PATHS = NO;
				CLANG_ANALYZER_NONNULL = YES;
				CLANG_ANALYZER_NUMBER_OBJECT_CONVERSION = YES_AGGRESSIVE;
				CLANG_CXX_LANGUAGE_STANDARD = "gnu++14";
				CLANG_CXX_LIBRARY = "libc++";
				CLANG_ENABLE_MODULES = YES;
				CLANG_ENABLE_OBJC_ARC = YES;
				CLANG_ENABLE_OBJC_WEAK = YES;
				CLANG_WARN_BLOCK_CAPTURE_AUTORELEASING = YES;
				CLANG_WARN_BOOL_CONVERSION = YES;
				CLANG_WARN_COMMA = YES;
				CLANG_WARN_CONSTANT_CONVERSION = YES;
				CLANG_WARN_DEPRECATED_OBJC_IMPLEMENTATIONS = YES;
				CLANG_WARN_DIRECT_OBJC_ISA_USAGE = YES_ERROR;
				CLANG_WARN_DOCUMENTATION_COMMENTS = YES;
				CLANG_WARN_EMPTY_BODY = YES;
				CLANG_WARN_ENUM_CONVERSION = YES;
				CLANG_WARN_INFINITE_RECURSION = YES;
				CLANG_WARN_INT_CONVERSION = YES;
				CLANG_WARN_NON_LITERAL_NULL_CONVERSION = YES;
				CLANG_WARN_OBJC_IMPLICIT_RETAIN_SELF = YES;
				CLANG_WARN_OBJC_LITERAL_CONVERSION = YES;
				CLANG_WARN_OBJC_ROOT_CLASS = YES_ERROR;
				CLANG_WARN_RANGE_LOOP_ANALYSIS = YES;
				CLANG_WARN_STRICT_PROTOTYPES = YES;
				CLANG_WARN_SUSPICIOUS_MOVE = YES;
				CLANG_WARN_UNGUARDED_AVAILABILITY = YES_AGGRESSIVE;
				CLANG_WARN_UNREACHABLE_CODE = YES;
				CLANG_WARN__DUPLICATE_METHOD_MATCH = YES;
				CODE_SIGN_IDENTITY = "iPhone Developer";
				COPY_PHASE_STRIP = NO;
				DEBUG_INFORMATION_FORMAT = "dwarf-with-dsym";
				ENABLE_NS_ASSERTIONS = NO;
				ENABLE_STRICT_OBJC_MSGSEND = YES;
				GCC_C_LANGUAGE_STANDARD = gnu11;
				GCC_NO_COMMON_BLOCKS = YES;
				GCC_WARN_64_TO_32_BIT_CONVERSION = YES;
				GCC_WARN_ABOUT_RETURN_TYPE = YES_ERROR;
				GCC_WARN_UNDECLARED_SELECTOR = YES;
				GCC_WARN_UNINITIALIZED_AUTOS = YES_AGGRESSIVE;
				GCC_WARN_UNUSED_FUNCTION = YES;
				GCC_WARN_UNUSED_VARIABLE = YES;
				IPHONEOS_DEPLOYMENT_TARGET = 11.3;
				MTL_ENABLE_DEBUG_INFO = NO;
				SDKROOT = iphoneos;
				SWIFT_COMPILATION_MODE = wholemodule;
				SWIFT_OPTIMIZATION_LEVEL = "-O";
				VALIDATE_PRODUCT = YES;
			};
			name = Release;
		};
		9A18CC1B20776093009B0D4E /* Debug */ = {
			isa = XCBuildConfiguration;
			buildSettings = {
				ASSETCATALOG_COMPILER_APPICON_NAME = AppIcon;
				CODE_SIGN_STYLE = Automatic;
				INFOPLIST_FILE = ViewController/Info.plist;
				LD_RUNPATH_SEARCH_PATHS = (
					"$(inherited)",
					"@executable_path/Frameworks",
				);
				PRODUCT_BUNDLE_IDENTIFIER = com.leiguang.ViewController;
				PRODUCT_NAME = "$(TARGET_NAME)";
				SWIFT_VERSION = 4.0;
				TARGETED_DEVICE_FAMILY = "1,2";
			};
			name = Debug;
		};
		9A18CC1C20776093009B0D4E /* Release */ = {
			isa = XCBuildConfiguration;
			buildSettings = {
				ASSETCATALOG_COMPILER_APPICON_NAME = AppIcon;
				CODE_SIGN_STYLE = Automatic;
				INFOPLIST_FILE = ViewController/Info.plist;
				LD_RUNPATH_SEARCH_PATHS = (
					"$(inherited)",
					"@executable_path/Frameworks",
				);
				PRODUCT_BUNDLE_IDENTIFIER = com.leiguang.ViewController;
				PRODUCT_NAME = "$(TARGET_NAME)";
				SWIFT_VERSION = 4.0;
				TARGETED_DEVICE_FAMILY = "1,2";
			};
			name = Release;
		};
/* End XCBuildConfiguration section */

/* Begin XCConfigurationList section */
		9A18CC0320776091009B0D4E /* Build configuration list for PBXProject "ViewController" */ = {
			isa = XCConfigurationList;
			buildConfigurations = (
				9A18CC1820776093009B0D4E /* Debug */,
				9A18CC1920776093009B0D4E /* Release */,
			);
			defaultConfigurationIsVisible = 0;
			defaultConfigurationName = Release;
		};
		9A18CC1A20776093009B0D4E /* Build configuration list for PBXNativeTarget "ViewController" */ = {
			isa = XCConfigurationList;
			buildConfigurations = (
				9A18CC1B20776093009B0D4E /* Debug */,
				9A18CC1C20776093009B0D4E /* Release */,
			);
			defaultConfigurationIsVisible = 0;
			defaultConfigurationName = Release;
		};
/* End XCConfigurationList section */
	};
	rootObject = 9A18CC0020776091009B0D4E /* Project object */;
}
